# This file is automatically @generated by Cargo.
# It is not intended for manual editing.
[[package]]
name = "glob"
version = "0.3.0"
source = "registry+https://github.com/rust-lang/crates.io-index"

[[package]]
name = "kamadak-exif"
version = "0.3.1"
source = "registry+https://github.com/rust-lang/crates.io-index"

[[package]]
name = "rusty-photo-library"
version = "0.1.0"
dependencies = [
 "glob 0.3.0 (registry+https://github.com/rust-lang/crates.io-index)",
 "kamadak-exif 0.3.1 (registry+https://github.com/rust-lang/crates.io-index)",
]

[metadata]
"checksum glob 0.3.0 (registry+https://github.com/rust-lang/crates.io-index)" = "9b919933a397b79c37e33b77bb2aa3dc8eb6e165ad809e58ff75bc7db2e34574"
"checksum kamadak-exif 0.3.1 (registry+https://github.com/rust-lang/crates.io-index)" = "6c316dd4d5adad2fa96d1db9a5983ff2bb618de926d6f9b20e117901541f97ad"
